{
    "_readme": [
        "This file locks the dependencies of your project to a known state",
        "Read more about it at https://getcomposer.org/doc/01-basic-usage.md#installing-dependencies",
        "This file is @generated automatically"
    ],
    "content-hash": "d9f54fccb4b50668b458a621706d0fd9",
    "packages": [
        {
            "name": "athlon1600/php-curl-client",
            "version": "v1.2.0",
            "source": {
                "type": "git",
                "url": "https://github.com/Athlon1600/php-curl-client.git",
                "reference": "eff146de74ee3a4a9a7de1511e300b65b5c8efd2"
            },
            "dist": {
                "type": "zip",
                "url": "https://api.github.com/repos/Athlon1600/php-curl-client/zipball/eff146de74ee3a4a9a7de1511e300b65b5c8efd2",
                "reference": "eff146de74ee3a4a9a7de1511e300b65b5c8efd2",
                "shasum": ""
            },
            "require": {
                "ext-curl": "*",
                "ext-json": "*",
                "php": "^7.3|^8.0"
            },
            "require-dev": {
                "phpunit/phpunit": "^7.0 || ^8.0 || ^9.0"
            },
            "type": "library",
            "autoload": {
                "psr-4": {
                    "Curl\\": "src/"
                }
            },
            "notification-url": "https://packagist.org/downloads/",
            "license": [
                "MIT"
            ],
            "description": "Simple PHP cURL Client",
            "keywords": [
                "php curl client"
            ],
            "support": {
                "issues": "https://github.com/Athlon1600/php-curl-client/issues",
                "source": "https://github.com/Athlon1600/php-curl-client/tree/v1.2.0"
            },
            "time": "2023-10-24T23:17:09+00:00"
        },
        {
            "name": "athlon1600/php-curl-file-downloader",
            "version": "v1.0.2",
            "source": {
                "type": "git",
                "url": "https://github.com/Athlon1600/php-curl-file-downloader.git",
                "reference": "66391a0b89e2ed8b42ed6341e111f180697e0c5f"
            },
            "dist": {
                "type": "zip",
                "url": "https://api.github.com/repos/Athlon1600/php-curl-file-downloader/zipball/66391a0b89e2ed8b42ed6341e111f180697e0c5f",
                "reference": "66391a0b89e2ed8b42ed6341e111f180697e0c5f",
                "shasum": ""
            },
            "require": {
                "athlon1600/php-curl-client": "^1.0",
                "ext-curl": "*"
            },
            "require-dev": {
                "phpunit/phpunit": "^7.0"
            },
            "type": "library",
            "autoload": {
                "psr-4": {
                    "CurlDownloader\\": "src/"
                }
            },
            "notification-url": "https://packagist.org/downloads/",
            "support": {
                "issues": "https://github.com/Athlon1600/php-curl-file-downloader/issues",
                "source": "https://github.com/Athlon1600/php-curl-file-downloader/tree/v1.0.2"
            },
            "time": "2021-02-25T20:29:06+00:00"
        },
        {
            "name": "athlon1600/youtube-downloader",
            "version": "dev-master",
            "source": {
                "type": "git",
                "url": "https://github.com/Athlon1600/youtube-downloader.git",
                "reference": "215b2b74f5eea5a1e8c1b9ada28c72ca35e5ab4f"
            },
            "dist": {
                "type": "zip",
                "url": "https://api.github.com/repos/Athlon1600/youtube-downloader/zipball/215b2b74f5eea5a1e8c1b9ada28c72ca35e5ab4f",
                "reference": "215b2b74f5eea5a1e8c1b9ada28c72ca35e5ab4f",
                "shasum": ""
            },
            "require": {
                "athlon1600/php-curl-file-downloader": "^1.0",
                "ext-curl": "*",
                "ext-json": "*",
                "php": "^7.4|^8.0"
            },
            "require-dev": {
                "phpunit/phpunit": "^8.0 || ^9.0 || ^10.0"
            },
            "default-branch": true,
            "type": "library",
            "autoload": {
                "psr-4": {
                    "YouTube\\": "src/"
                }
            },
            "notification-url": "https://packagist.org/downloads/",
            "license": [
                "MIT"
            ],
            "description": "PHP powered alternative for youtube-dl",
            "keywords": [
                "download youtube",
                "download youtube videos",
                "youtube downloader"
            ],
            "support": {
                "issues": "https://github.com/Athlon1600/youtube-downloader/issues",
                "source": "https://github.com/Athlon1600/youtube-downloader/tree/master"
            },
            "time": "2023-11-12T22:12:12+00:00"
        }
    ],
    "packages-dev": [],
    "aliases": [],
    "minimum-stability": "stable",
    "stability-flags": {
        "athlon1600/youtube-downloader": 20
    },
    "prefer-stable": false,
    "prefer-lowest": false,
    "platform": {
        "php": "^7.2 || ^8.0"
    },
    "platform-dev": [],
    "plugin-api-version": "2.0.0"
}
